{
  "version": 4,
  "terraform_version": "1.15.2",
  "serial": 48,
  "lineage": "a51b8f3f-9702-6a28-fe52-1cabaae85837",
  "outputs": {
    "api_id": {
      "value": "gutqngt2m6",
      "type": "string"
    },
    "event_source_mapping_uuid": {
      "value": "1badfbfd-c02d-4029-b397-2f62caec58c5",
      "type": "string"
    },
    "iam_role_arn": {
      "value": "arn:aws:iam::000000000000:role/lambda-authorizer-role",
      "type": "string"
    },
    "invoke_url": {
      "value": "http://localhost.localstack.cloud:30466/_aws/execute-api/gutqngt2m6/dev",
      "type": "string"
    },
    "lambda_function_arn": {
      "value": "arn:aws:lambda:us-east-1:000000000000:function:email-function",
      "type": "string"
    },
    "lambda_function_name": {
      "value": "email-function",
      "type": "string"
    },
    "lambda_invocation_command": {
      "value": "aws lambda invoke --function-name email-function --endpoint-url=http://localhost:30466 --region=us-east-1 /tmp/response.json",
      "type": "string"
    },
    "ses_email_identity_arn": {
      "value": "arn:aws:ses:us-east-1::identity/no-reply@fiapcloudgames.local",
      "type": "string"
    },
    "ses_verified_email": {
      "value": "no-reply@fiapcloudgames.local",
      "type": "string"
    },
    "sqs_donation_queue_arn": {
      "value": "arn:aws:sqs:us-east-1:000000000000:process-donation-payment",
      "type": "string"
    },
    "sqs_donation_queue_url": {
      "value": "http://sqs.us-east-1.localhost.localstack.cloud:4566/000000000000/process-donation-payment",
      "type": "string"
    },
    "sqs_queue_arn": {
      "value": "arn:aws:sqs:us-east-1:000000000000:notification-queue",
      "type": "string"
    },
    "sqs_queue_url": {
      "value": "http://sqs.us-east-1.localhost.localstack.cloud:4566/000000000000/notification-queue",
      "type": "string"
    },
    "sqs_send_message_command": {
      "value": "aws sqs send-message --queue-url http://sqs.us-east-1.localhost.localstack.cloud:4566/000000000000/notification-queue --message-body '{\"to\":\"test@example.com\",\"subject\":\"Test\",\"body\":\"Test message\"}' --endpoint-url=http://localhost:30466 --region=us-east-1",
      "type": "string"
    }
  },
  "resources": [
    {
      "mode": "data",
      "type": "aws_api_gateway_rest_api",
      "name": "main",
      "provider": "provider[\"registry.terraform.io/hashicorp/aws\"]",
      "instances": [
        {
          "schema_version": 0,
          "attributes": {
            "api_key_source": "HEADER",
            "arn": "arn:aws:apigateway:us-east-1::/restapis/gutqngt2m6",
            "binary_media_types": [],
            "description": "",
            "endpoint_access_mode": "",
            "endpoint_configuration": [
              {
                "ip_address_type": "ipv4",
                "types": [
                  "EDGE"
                ],
                "vpc_endpoint_ids": []
              }
            ],
            "execution_arn": "arn:aws:execute-api:us-east-1::gutqngt2m6",
            "id": "gutqngt2m6",
            "minimum_compression_size": "",
            "name": "local-api-gateway-v1",
            "policy": "",
            "region": "us-east-1",
            "root_resource_id": "qst8flpptx",
            "security_policy": "",
            "tags": {}
          },
          "sensitive_attributes": [],
          "identity_schema_version": 0
        }
      ]
    },
    {
      "mode": "data",
      "type": "aws_region",
      "name": "current",
      "provider": "provider[\"registry.terraform.io/hashicorp/aws\"]",
      "instances": [
        {
          "schema_version": 0,
          "attributes": {
            "description": "US East (N. Virginia)",
            "endpoint": "ec2.us-east-1.amazonaws.com",
            "id": "us-east-1",
            "name": "us-east-1",
            "region": "us-east-1"
          },
          "sensitive_attributes": [],
          "identity_schema_version": 0
        }
      ]
    },
    {
      "mode": "managed",
      "type": "aws_api_gateway_authorizer",
      "name": "lambda_authorizer",
      "provider": "provider[\"registry.terraform.io/hashicorp/aws\"]",
      "instances": [
        {
          "schema_version": 0,
          "attributes": {
            "arn": "arn:aws:apigateway:us-east-1::/restapis/gutqngt2m6/authorizers/eacca0",
            "authorizer_credentials": "",
            "authorizer_result_ttl_in_seconds": 0,
            "authorizer_uri": "arn:aws:apigateway:us-east-1:lambda:path/2015-03-31/functions/arn:aws:lambda:us-east-1:000000000000:function:fiap-api-authorizer/invocations",
            "id": "eacca0",
            "identity_source": "method.request.header.Authorization",
            "identity_validation_expression": "",
            "name": "lambda-authorizer",
            "provider_arns": null,
            "region": "us-east-1",
            "rest_api_id": "gutqngt2m6",
            "type": "TOKEN"
          },
          "sensitive_attributes": [],
          "identity_schema_version": 0,
          "private": "bnVsbA==",
          "dependencies": [
            "aws_iam_role.lambda_role",
            "aws_lambda_function.authorizer",
            "data.aws_api_gateway_rest_api.main",
            "data.aws_region.current",
            "terraform_data.api_gateway_custom"
          ],
          "create_before_destroy": true
        }
      ]
    },
    {
      "mode": "managed",
      "type": "aws_api_gateway_deployment",
      "name": "deploy",
      "provider": "provider[\"registry.terraform.io/hashicorp/aws\"]",
      "instances": [
        {
          "schema_version": 0,
          "attributes": {
            "created_date": "2026-09-24T22:08:39Z",
            "description": "",
            "id": "db83le01or",
            "region": "us-east-1",
            "rest_api_id": "gutqngt2m6",
            "triggers": null,
            "variables": null
          },
          "sensitive_attributes": [],
          "identity_schema_version": 0,
          "identity": {
            "account_id": "",
            "id": "db83le01or",
            "region": "us-east-1",
            "rest_api_id": "gutqngt2m6"
          },
          "private": "bnVsbA==",
          "dependencies": [
            "aws_api_gateway_authorizer.lambda_authorizer",
            "aws_api_gateway_integration.campaign_id_get",
            "aws_api_gateway_integration.campaign_id_put",
            "aws_api_gateway_integration.campaigns_post",
            "aws_api_gateway_integration.campaigns_public_get",
            "aws_api_gateway_integration.health_get",
            "aws_api_gateway_integration.users_login_public_options",
            "aws_api_gateway_integration.users_login_public_post",
            "aws_api_gateway_integration.users_user_public_options",
            "aws_api_gateway_integration.users_user_public_post",
            "aws_api_gateway_integration_response.users_login_public_post_200",
            "aws_api_gateway_integration_response.users_user_public_post_200",
            "aws_api_gateway_method.campaign_id_get",
            "aws_api_gateway_method.campaign_id_put",
            "aws_api_gateway_method.campaigns_post",
            "aws_api_gateway_method.campaigns_public_get",
            "aws_api_gateway_method.health_get",
            "aws_api_gateway_method.users_login_public_options",
            "aws_api_gateway_method.users_login_public_post",
            "aws_api_gateway_method.users_user_public_options",
            "aws_api_gateway_method.users_user_public_post",
            "aws_api_gateway_method_response.users_login_public_post_200",
            "aws_api_gateway_method_response.users_user_public_post_200",
            "aws_api_gateway_resource.api",
            "aws_api_gateway_resource.api_v1",
            "aws_api_gateway_resource.campaign_id",
            "aws_api_gateway_resource.campaigns_public",
            "aws_api_gateway_resource.health",
            "aws_api_gateway_resource.service",
            "aws_api_gateway_resource.users_api_public",
            "aws_api_gateway_resource.users_login_public",
            "aws_api_gateway_resource.users_user_public",
            "aws_api_gateway_resource.users_v1_public",
            "aws_iam_role.lambda_role",
            "aws_lambda_function.authorizer",
            "aws_lambda_permission.api_gateway",
            "data.aws_api_gateway_rest_api.main",
            "data.aws_region.current",
            "terraform_data.api_gateway_custom"
          ],
          "create_before_destroy": true
        }
      ]
    },
    {
      "mode": "managed",
      "type": "aws_api_gateway_integration",
      "name": "campaign_id_get",
      "provider": "provider[\"registry.terraform.io/hashicorp/aws\"]",
      "instances": [
        {
          "schema_version": 0,
          "attributes": {
            "cache_key_parameters": null,
            "cache_namespace": "p4n6yijjsf",
            "connection_id": "",
            "connection_type": "INTERNET",
            "content_handling": "",
            "credentials": "",
            "http_method": "GET",
            "id": "agi-gutqngt2m6-p4n6yijjsf-GET",
            "integration_http_method": "GET",
            "integration_target": "",
            "passthrough_behavior": "WHEN_NO_MATCH",
            "region": "us-east-1",
            "request_parameters": {
              "integration.request.path.id": "method.request.path.id"
            },
            "request_templates": null,
            "resource_id": "p4n6yijjsf",
            "response_transfer_mode": "BUFFERED",
            "rest_api_id": "gutqngt2m6",
            "timeout_milliseconds": 29000,
            "tls_config": [],
            "type": "HTTP_PROXY",
            "uri": "http://campaigns-api:80/api/v1/campanhas/{id}"
          },
          "sensitive_attributes": [],
          "identity_schema_version": 0,
          "identity": {
            "account_id": "",
            "http_method": "GET",
            "region": "us-east-1",
            "resource_id": "p4n6yijjsf",
            "rest_api_id": "gutqngt2m6"
          },
          "private": "bnVsbA==",
          "dependencies": [
            "aws_api_gateway_method.campaign_id_get",
            "aws_api_gateway_resource.api",
            "aws_api_gateway_resource.api_v1",
            "aws_api_gateway_resource.campaign_id",
            "aws_api_gateway_resource.campaigns_public",
            "data.aws_api_gateway_rest_api.main",
            "data.aws_region.current",
            "terraform_data.api_gateway_custom"
          ],
          "create_before_destroy": true
        }
      ]
    },
    {
      "mode": "managed",
      "type": "aws_api_gateway_integration",
      "name": "campaign_id_put",
      "provider": "provider[\"registry.terraform.io/hashicorp/aws\"]",
      "instances": [
        {
          "schema_version": 0,
          "attributes": {
            "cache_key_parameters": null,
            "cache_namespace": "p4n6yijjsf",
            "connection_id": "",
            "connection_type": "INTERNET",
            "content_handling": "",
            "credentials": "",
            "http_method": "PUT",
            "id": "agi-gutqngt2m6-p4n6yijjsf-PUT",
            "integration_http_method": "PUT",
            "integration_target": "",
            "passthrough_behavior": "WHEN_NO_MATCH",
            "region": "us-east-1",
            "request_parameters": {
              "integration.request.path.id": "method.request.path.id"
            },
            "request_templates": null,
            "resource_id": "p4n6yijjsf",
            "response_transfer_mode": "BUFFERED",
            "rest_api_id": "gutqngt2m6",
            "timeout_milliseconds": 29000,
            "tls_config": [],
            "type": "HTTP_PROXY",
            "uri": "http://campaigns-api:80/api/v1/campanhas/{id}"
          },
          "sensitive_attributes": [],
          "identity_schema_version": 0,
          "identity": {
            "account_id": "",
            "http_method": "PUT",
            "region": "us-east-1",
            "resource_id": "p4n6yijjsf",
            "rest_api_id": "gutqngt2m6"
          },
          "private": "bnVsbA==",
          "dependencies": [
            "aws_api_gateway_authorizer.lambda_authorizer",
            "aws_api_gateway_method.campaign_id_put",
            "aws_api_gateway_resource.api",
            "aws_api_gateway_resource.api_v1",
            "aws_api_gateway_resource.campaign_id",
            "aws_api_gateway_resource.campaigns_public",
            "aws_iam_role.lambda_role",
            "aws_lambda_function.authorizer",
            "data.aws_api_gateway_rest_api.main",
            "data.aws_region.current",
            "terraform_data.api_gateway_custom"
          ],
          "create_before_destroy": true
        }
      ]
    },
    {
      "mode": "managed",
      "type": "aws_api_gateway_integration",
      "name": "campaigns_post",
      "provider": "provider[\"registry.terraform.io/hashicorp/aws\"]",
      "instances": [
        {
          "schema_version": 0,
          "attributes": {
            "cache_key_parameters": null,
            "cache_namespace": "vo9vy1besu",
            "connection_id": "",
            "connection_type": "INTERNET",
            "content_handling": "",
            "credentials": "",
            "http_method": "POST",
            "id": "agi-gutqngt2m6-vo9vy1besu-POST",
            "integration_http_method": "POST",
            "integration_target": "",
            "passthrough_behavior": "WHEN_NO_MATCH",
            "region": "us-east-1",
            "request_parameters": null,
            "request_templates": null,
            "resource_id": "vo9vy1besu",
            "response_transfer_mode": "BUFFERED",
            "rest_api_id": "gutqngt2m6",
            "timeout_milliseconds": 29000,
            "tls_config": [],
            "type": "HTTP_PROXY",
            "uri": "http://campaigns-api:80/api/v1/campanhas"
          },
          "sensitive_attributes": [],
          "identity_schema_version": 0,
          "identity": {
            "account_id": "",
            "http_method": "POST",
            "region": "us-east-1",
            "resource_id": "vo9vy1besu",
            "rest_api_id": "gutqngt2m6"
          },
          "private": "bnVsbA==",
          "dependencies": [
            "aws_api_gateway_authorizer.lambda_authorizer",
            "aws_api_gateway_method.campaigns_post",
            "aws_api_gateway_resource.api",
            "aws_api_gateway_resource.api_v1",
            "aws_api_gateway_resource.campaigns_public",
            "aws_iam_role.lambda_role",
            "aws_lambda_function.authorizer",
            "data.aws_api_gateway_rest_api.main",
            "data.aws_region.current",
            "terraform_data.api_gateway_custom"
          ],
          "create_before_destroy": true
        }
      ]
    },
    {
      "mode": "managed",
      "type": "aws_api_gateway_integration",
      "name": "campaigns_public_get",
      "provider": "provider[\"registry.terraform.io/hashicorp/aws\"]",
      "instances": [
        {
          "schema_version": 0,
          "attributes": {
            "cache_key_parameters": null,
            "cache_namespace": "vo9vy1besu",
            "connection_id": "",
            "connection_type": "INTERNET",
            "content_handling": "",
            "credentials": "",
            "http_method": "GET",
            "id": "agi-gutqngt2m6-vo9vy1besu-GET",
            "integration_http_method": "GET",
            "integration_target": "",
            "passthrough_behavior": "WHEN_NO_MATCH",
            "region": "us-east-1",
            "request_parameters": null,
            "request_templates": null,
            "resource_id": "vo9vy1besu",
            "response_transfer_mode": "BUFFERED",
            "rest_api_id": "gutqngt2m6",
            "timeout_milliseconds": 29000,
            "tls_config": [],
            "type": "HTTP_PROXY",
            "uri": "http://campaigns-api:80/api/v1/campanhas/publicas"
          },
          "sensitive_attributes": [],
          "identity_schema_version": 0,
          "identity": {
            "account_id": "",
            "http_method": "GET",
            "region": "us-east-1",
            "resource_id": "vo9vy1besu",
            "rest_api_id": "gutqngt2m6"
          },
          "private": "bnVsbA==",
          "dependencies": [
            "aws_api_gateway_method.campaigns_public_get",
            "aws_api_gateway_resource.api",
            "aws_api_gateway_resource.api_v1",
            "aws_api_gateway_resource.campaigns_public",
            "data.aws_api_gateway_rest_api.main",
            "data.aws_region.current",
            "terraform_data.api_gateway_custom"
          ],
          "create_before_destroy": true
        }
      ]
    },
    {
      "mode": "managed",
      "type": "aws_api_gateway_integration",
      "name": "health_get",
      "provider": "provider[\"registry.terraform.io/hashicorp/aws\"]",
      "instances": [
        {
          "schema_version": 0,
          "attributes": {
            "cache_key_parameters": null,
            "cache_namespace": "iwsbwuo9ve",
            "connection_id": "",
            "connection_type": "INTERNET",
            "content_handling": "",
            "credentials": "",
            "http_method": "GET",
            "id": "agi-gutqngt2m6-iwsbwuo9ve-GET",
            "integration_http_method": "GET",
            "integration_target": "",
            "passthrough_behavior": "WHEN_NO_MATCH",
            "region": "us-east-1",
            "request_parameters": null,
            "request_templates": null,
            "resource_id": "iwsbwuo9ve",
            "response_transfer_mode": "BUFFERED",
            "rest_api_id": "gutqngt2m6",
            "timeout_milliseconds": 29000,
            "tls_config": [],
            "type": "HTTP_PROXY",
            "uri": "http://campaigns-api:80/health"
          },
          "sensitive_attributes": [],
          "identity_schema_version": 0,
          "identity": {
            "account_id": "",
            "http_method": "GET",
            "region": "us-east-1",
            "resource_id": "iwsbwuo9ve",
            "rest_api_id": "gutqngt2m6"
          },
          "private": "bnVsbA==",
          "dependencies": [
            "aws_api_gateway_method.health_get",
            "aws_api_gateway_resource.health",
            "data.aws_api_gateway_rest_api.main",
            "data.aws_region.current",
            "terraform_data.api_gateway_custom"
          ],
          "create_before_destroy": true
        }
      ]
    },
    {
      "mode": "managed",
      "type": "aws_api_gateway_integration",
      "name": "users_login_public_options",
      "provider": "provider[\"registry.terraform.io/hashicorp/aws\"]",
      "instances": [
        {
          "index_key": 0,
          "schema_version": 0,
          "attributes": {
            "cache_key_parameters": null,
            "cache_namespace": "wlmf4d8jec",
            "connection_id": "",
            "connection_type": "INTERNET",
            "content_handling": "",
            "credentials": "",
            "http_method": "OPTIONS",
            "id": "agi-gutqngt2m6-wlmf4d8jec-OPTIONS",
            "integration_http_method": "",
            "integration_target": "",
            "passthrough_behavior": "WHEN_NO_MATCH",
            "region": "us-east-1",
            "request_parameters": null,
            "request_templates": {
              "application/json": "{\"statusCode\":200}"
            },
            "resource_id": "wlmf4d8jec",
            "response_transfer_mode": "BUFFERED",
            "rest_api_id": "gutqngt2m6",
            "timeout_milliseconds": 29000,
            "tls_config": [],
            "type": "MOCK",
            "uri": ""
          },
          "sensitive_attributes": [],
          "identity_schema_version": 0,
          "identity": {
            "account_id": "",
            "http_method": "OPTIONS",
            "region": "us-east-1",
            "resource_id": "wlmf4d8jec",
            "rest_api_id": "gutqngt2m6"
          },
          "private": "bnVsbA==",
          "dependencies": [
            "aws_api_gateway_method.users_login_public_options",
            "aws_api_gateway_resource.service",
            "aws_api_gateway_resource.users_api_public",
            "aws_api_gateway_resource.users_login_public",
            "aws_api_gateway_resource.users_user_public",
            "aws_api_gateway_resource.users_v1_public",
            "data.aws_api_gateway_rest_api.main",
            "data.aws_region.current",
            "terraform_data.api_gateway_custom"
          ],
          "create_before_destroy": true
        }
      ]
    },
    {
      "mode": "managed",
      "type": "aws_api_gateway_integration",
      "name": "users_login_public_post",
      "provider": "provider[\"registry.terraform.io/hashicorp/aws\"]",
      "instances": [
        {
          "index_key": 0,
          "schema_version": 0,
          "attributes": {
            "cache_key_parameters": null,
            "cache_namespace": "wlmf4d8jec",
            "connection_id": "",
            "connection_type": "INTERNET",
            "content_handling": "CONVERT_TO_TEXT",
            "credentials": "",
            "http_method": "POST",
            "id": "agi-gutqngt2m6-wlmf4d8jec-POST",
            "integration_http_method": "POST",
            "integration_target": "",
            "passthrough_behavior": "WHEN_NO_MATCH",
            "region": "us-east-1",
            "request_parameters": null,
            "request_templates": null,
            "resource_id": "wlmf4d8jec",
            "response_transfer_mode": "BUFFERED",
            "rest_api_id": "gutqngt2m6",
            "timeout_milliseconds": 29000,
            "tls_config": [],
            "type": "HTTP_PROXY",
            "uri": "http://users-api:80/api/v1/User/Login"
          },
          "sensitive_attributes": [],
          "identity_schema_version": 0,
          "identity": {
            "account_id": "",
            "http_method": "POST",
            "region": "us-east-1",
            "resource_id": "wlmf4d8jec",
            "rest_api_id": "gutqngt2m6"
          },
          "private": "bnVsbA==",
          "dependencies": [
            "aws_api_gateway_method.users_login_public_post",
            "aws_api_gateway_resource.service",
            "aws_api_gateway_resource.users_api_public",
            "aws_api_gateway_resource.users_login_public",
            "aws_api_gateway_resource.users_user_public",
            "aws_api_gateway_resource.users_v1_public",
            "data.aws_api_gateway_rest_api.main",
            "data.aws_region.current",
            "terraform_data.api_gateway_custom"
          ],
          "create_before_destroy": true
        }
      ]
    },
    {
      "mode": "managed",
      "type": "aws_api_gateway_integration",
      "name": "users_user_public_options",
      "provider": "provider[\"registry.terraform.io/hashicorp/aws\"]",
      "instances": [
        {
          "index_key": 0,
          "schema_version": 0,
          "attributes": {
            "cache_key_parameters": null,
            "cache_namespace": "phk6ikr40d",
            "connection_id": "",
            "connection_type": "INTERNET",
            "content_handling": "",
            "credentials": "",
            "http_method": "OPTIONS",
            "id": "agi-gutqngt2m6-phk6ikr40d-OPTIONS",
            "integration_http_method": "",
            "integration_target": "",
            "passthrough_behavior": "WHEN_NO_MATCH",
            "region": "us-east-1",
            "request_parameters": null,
            "request_templates": {
              "application/json": "{\"statusCode\":200}"
            },
            "resource_id": "phk6ikr40d",
            "response_transfer_mode": "BUFFERED",
            "rest_api_id": "gutqngt2m6",
            "timeout_milliseconds": 29000,
            "tls_config": [],
            "type": "MOCK",
            "uri": ""
          },
          "sensitive_attributes": [],
          "identity_schema_version": 0,
          "identity": {
            "account_id": "",
            "http_method": "OPTIONS",
            "region": "us-east-1",
            "resource_id": "phk6ikr40d",
            "rest_api_id": "gutqngt2m6"
          },
          "private": "bnVsbA==",
          "dependencies": [
            "aws_api_gateway_method.users_user_public_options",
            "aws_api_gateway_resource.service",
            "aws_api_gateway_resource.users_api_public",
            "aws_api_gateway_resource.users_user_public",
            "aws_api_gateway_resource.users_v1_public",
            "data.aws_api_gateway_rest_api.main",
            "data.aws_region.current",
            "terraform_data.api_gateway_custom"
          ],
          "create_before_destroy": true
        }
      ]
    },
    {
      "mode": "managed",
      "type": "aws_api_gateway_integration",
      "name": "users_user_public_post",
      "provider": "provider[\"registry.terraform.io/hashicorp/aws\"]",
      "instances": [
        {
          "index_key": 0,
          "schema_version": 0,
          "attributes": {
            "cache_key_parameters": null,
            "cache_namespace": "phk6ikr40d",
            "connection_id": "",
            "connection_type": "INTERNET",
            "content_handling": "CONVERT_TO_TEXT",
            "credentials": "",
            "http_method": "POST",
            "id": "agi-gutqngt2m6-phk6ikr40d-POST",
            "integration_http_method": "POST",
            "integration_target": "",
            "passthrough_behavior": "WHEN_NO_MATCH",
            "region": "us-east-1",
            "request_parameters": null,
            "request_templates": null,
            "resource_id": "phk6ikr40d",
            "response_transfer_mode": "BUFFERED",
            "rest_api_id": "gutqngt2m6",
            "timeout_milliseconds": 29000,
            "tls_config": [],
            "type": "HTTP_PROXY",
            "uri": "http://users-api:80/api/v1/User"
          },
          "sensitive_attributes": [],
          "identity_schema_version": 0,
          "identity": {
            "account_id": "",
            "http_method": "POST",
            "region": "us-east-1",
            "resource_id": "phk6ikr40d",
            "rest_api_id": "gutqngt2m6"
          },
          "private": "bnVsbA==",
          "dependencies": [
            "aws_api_gateway_method.users_user_public_post",
            "aws_api_gateway_resource.service",
            "aws_api_gateway_resource.users_api_public",
            "aws_api_gateway_resource.users_user_public",
            "aws_api_gateway_resource.users_v1_public",
            "data.aws_api_gateway_rest_api.main",
            "data.aws_region.current",
            "terraform_data.api_gateway_custom"
          ],
          "create_before_destroy": true
        }
      ]
    },
    {
      "mode": "managed",
      "type": "aws_api_gateway_integration_response",
      "name": "users_login_public_post_200",
      "provider": "provider[\"registry.terraform.io/hashicorp/aws\"]",
      "instances": [
        {
          "index_key": 0,
          "schema_version": 0,
          "attributes": {
            "content_handling": "",
            "http_method": "POST",
            "id": "agir-gutqngt2m6-wlmf4d8jec-POST-200",
            "region": "us-east-1",
            "resource_id": "wlmf4d8jec",
            "response_parameters": null,
            "response_templates": null,
            "rest_api_id": "gutqngt2m6",
            "selection_pattern": "",
            "status_code": "200"
          },
          "sensitive_attributes": [],
          "identity_schema_version": 0,
          "identity": {
            "account_id": "",
            "http_method": "POST",
            "region": "us-east-1",
            "resource_id": "wlmf4d8jec",
            "rest_api_id": "gutqngt2m6",
            "status_code": "200"
          },
          "private": "bnVsbA==",
          "dependencies": [
            "aws_api_gateway_integration.users_login_public_post",
            "aws_api_gateway_method.users_login_public_post",
            "aws_api_gateway_method_response.users_login_public_post_200",
            "aws_api_gateway_resource.service",
            "aws_api_gateway_resource.users_api_public",
            "aws_api_gateway_resource.users_login_public",
            "aws_api_gateway_resource.users_user_public",
            "aws_api_gateway_resource.users_v1_public",
            "data.aws_api_gateway_rest_api.main",
            "data.aws_region.current",
            "terraform_data.api_gateway_custom"
          ],
          "create_before_destroy": true
        }
      ]
    },
    {
      "mode": "managed",
      "type": "aws_api_gateway_integration_response",
      "name": "users_user_public_post_200",
      "provider": "provider[\"registry.terraform.io/hashicorp/aws\"]",
      "instances": [
        {
          "index_key": 0,
          "schema_version": 0,
          "attributes": {
            "content_handling": "",
            "http_method": "POST",
            "id": "agir-gutqngt2m6-phk6ikr40d-POST-200",
            "region": "us-east-1",
            "resource_id": "phk6ikr40d",
            "response_parameters": null,
            "response_templates": null,
            "rest_api_id": "gutqngt2m6",
            "selection_pattern": "",
            "status_code": "200"
          },
          "sensitive_attributes": [],
          "identity_schema_version": 0,
          "identity": {
            "account_id": "",
            "http_method": "POST",
            "region": "us-east-1",
            "resource_id": "phk6ikr40d",
            "rest_api_id": "gutqngt2m6",
            "status_code": "200"
          },
          "private": "bnVsbA==",
          "dependencies": [
            "aws_api_gateway_integration.users_user_public_post",
            "aws_api_gateway_method.users_user_public_post",
            "aws_api_gateway_method_response.users_user_public_post_200",
            "aws_api_gateway_resource.service",
            "aws_api_gateway_resource.users_api_public",
            "aws_api_gateway_resource.users_user_public",
            "aws_api_gateway_resource.users_v1_public",
            "data.aws_api_gateway_rest_api.main",
            "data.aws_region.current",
            "terraform_data.api_gateway_custom"
          ],
          "create_before_destroy": true
        }
      ]
    },
    {
      "mode": "managed",
      "type": "aws_api_gateway_method",
      "name": "campaign_id_get",
      "provider": "provider[\"registry.terraform.io/hashicorp/aws\"]",
      "instances": [
        {
          "schema_version": 0,
          "attributes": {
            "api_key_required": false,
            "authorization": "NONE",
            "authorization_scopes": null,
            "authorizer_id": null,
            "http_method": "GET",
            "id": "agm-gutqngt2m6-p4n6yijjsf-GET",
            "operation_name": null,
            "region": "us-east-1",
            "request_models": null,
            "request_parameters": {
              "method.request.path.id": true
            },
            "request_validator_id": null,
            "resource_id": "p4n6yijjsf",
            "rest_api_id": "gutqngt2m6"
          },
          "sensitive_attributes": [],
          "identity_schema_version": 0,
          "identity": {
            "account_id": "",
            "http_method": "GET",
            "region": "us-east-1",
            "resource_id": "p4n6yijjsf",
            "rest_api_id": "gutqngt2m6"
          },
          "private": "bnVsbA==",
          "dependencies": [
            "aws_api_gateway_resource.api",
            "aws_api_gateway_resource.api_v1",
            "aws_api_gateway_resource.campaign_id",
            "aws_api_gateway_resource.campaigns_public",
            "data.aws_api_gateway_rest_api.main",
            "data.aws_region.current",
            "terraform_data.api_gateway_custom"
          ],
          "create_before_destroy": true
        }
      ]
    },
    {
      "mode": "managed",
      "type": "aws_api_gateway_method",
      "name": "campaign_id_put",
      "provider": "provider[\"registry.terraform.io/hashicorp/aws\"]",
      "instances": [
        {
          "schema_version": 0,
          "attributes": {
            "api_key_required": false,
            "authorization": "CUSTOM",
            "authorization_scopes": null,
            "authorizer_id": "eacca0",
            "http_method": "PUT",
            "id": "agm-gutqngt2m6-p4n6yijjsf-PUT",
            "operation_name": null,
            "region": "us-east-1",
            "request_models": null,
            "request_parameters": {
              "method.request.path.id": true
            },
            "request_validator_id": null,
            "resource_id": "p4n6yijjsf",
            "rest_api_id": "gutqngt2m6"
          },
          "sensitive_attributes": [],
          "identity_schema_version": 0,
          "identity": {
            "account_id": "",
            "http_method": "PUT",
            "region": "us-east-1",
            "resource_id": "p4n6yijjsf",
            "rest_api_id": "gutqngt2m6"
          },
          "private": "bnVsbA==",
          "dependencies": [
            "aws_api_gateway_authorizer.lambda_authorizer",
            "aws_api_gateway_resource.api",
            "aws_api_gateway_resource.api_v1",
            "aws_api_gateway_resource.campaign_id",
            "aws_api_gateway_resource.campaigns_public",
            "aws_iam_role.lambda_role",
            "aws_lambda_function.authorizer",
            "data.aws_api_gateway_rest_api.main",
            "data.aws_region.current",
            "terraform_data.api_gateway_custom"
          ],
          "create_before_destroy": true
        }
      ]
    },
    {
      "mode": "managed",
      "type": "aws_api_gateway_method",
      "name": "campaigns_post",
      "provider": "provider[\"registry.terraform.io/hashicorp/aws\"]",
      "instances": [
        {
          "schema_version": 0,
          "attributes": {
            "api_key_required": false,
            "authorization": "CUSTOM",
            "authorization_scopes": null,
            "authorizer_id": "eacca0",
            "http_method": "POST",
            "id": "agm-gutqngt2m6-vo9vy1besu-POST",
            "operation_name": null,
            "region": "us-east-1",
            "request_models": null,
            "request_parameters": null,
            "request_validator_id": null,
            "resource_id": "vo9vy1besu",
            "rest_api_id": "gutqngt2m6"
          },
          "sensitive_attributes": [],
          "identity_schema_version": 0,
          "identity": {
            "account_id": "",
            "http_method": "POST",
            "region": "us-east-1",
            "resource_id": "vo9vy1besu",
            "rest_api_id": "gutqngt2m6"
          },
          "private": "bnVsbA==",
          "dependencies": [
            "aws_api_gateway_authorizer.lambda_authorizer",
            "aws_api_gateway_resource.api",
            "aws_api_gateway_resource.api_v1",
            "aws_api_gateway_resource.campaigns_public",
            "aws_iam_role.lambda_role",
            "aws_lambda_function.authorizer",
            "data.aws_api_gateway_rest_api.main",
            "data.aws_region.current",
            "terraform_data.api_gateway_custom"
          ],
          "create_before_destroy": true
        }
      ]
    },
    {
      "mode": "managed",
      "type": "aws_api_gateway_method",
      "name": "campaigns_public_get",
      "provider": "provider[\"registry.terraform.io/hashicorp/aws\"]",
      "instances": [
        {
          "schema_version": 0,
          "attributes": {
            "api_key_required": false,
            "authorization": "NONE",
            "authorization_scopes": null,
            "authorizer_id": null,
            "http_method": "GET",
            "id": "agm-gutqngt2m6-vo9vy1besu-GET",
            "operation_name": null,
            "region": "us-east-1",
            "request_models": null,
            "request_parameters": null,
            "request_validator_id": null,
            "resource_id": "vo9vy1besu",
            "rest_api_id": "gutqngt2m6"
          },
          "sensitive_attributes": [],
          "identity_schema_version": 0,
          "identity": {
            "account_id": "",
            "http_method": "GET",
            "region": "us-east-1",
            "resource_id": "vo9vy1besu",
            "rest_api_id": "gutqngt2m6"
          },
          "private": "bnVsbA==",
          "dependencies": [
            "aws_api_gateway_resource.api",
            "aws_api_gateway_resource.api_v1",
            "aws_api_gateway_resource.campaigns_public",
            "data.aws_api_gateway_rest_api.main",
            "data.aws_region.current",
            "terraform_data.api_gateway_custom"
          ],
          "create_before_destroy": true
        }
      ]
    },
    {
      "mode": "managed",
      "type": "aws_api_gateway_method",
      "name": "health_get",
      "provider": "provider[\"registry.terraform.io/hashicorp/aws\"]",
      "instances": [
        {
          "schema_version": 0,
          "attributes": {
            "api_key_required": false,
            "authorization": "NONE",
            "authorization_scopes": null,
            "authorizer_id": null,
            "http_method": "GET",
            "id": "agm-gutqngt2m6-iwsbwuo9ve-GET",
            "operation_name": null,
            "region": "us-east-1",
            "request_models": null,
            "request_parameters": null,
            "request_validator_id": null,
            "resource_id": "iwsbwuo9ve",
            "rest_api_id": "gutqngt2m6"
          },
          "sensitive_attributes": [],
          "identity_schema_version": 0,
          "identity": {
            "account_id": "",
            "http_method": "GET",
            "region": "us-east-1",
            "resource_id": "iwsbwuo9ve",
            "rest_api_id": "gutqngt2m6"
          },
          "private": "bnVsbA==",
          "dependencies": [
            "aws_api_gateway_resource.health",
            "data.aws_api_gateway_rest_api.main",
            "data.aws_region.current",
            "terraform_data.api_gateway_custom"
          ],
          "create_before_destroy": true
        }
      ]
    },
    {
      "mode": "managed",
      "type": "aws_api_gateway_method",
      "name": "users_login_public_options",
      "provider": "provider[\"registry.terraform.io/hashicorp/aws\"]",
      "instances": [
        {
          "index_key": 0,
          "schema_version": 0,
          "attributes": {
            "api_key_required": false,
            "authorization": "NONE",
            "authorization_scopes": null,
            "authorizer_id": null,
            "http_method": "OPTIONS",
            "id": "agm-gutqngt2m6-wlmf4d8jec-OPTIONS",
            "operation_name": null,
            "region": "us-east-1",
            "request_models": null,
            "request_parameters": null,
            "request_validator_id": null,
            "resource_id": "wlmf4d8jec",
            "rest_api_id": "gutqngt2m6"
          },
          "sensitive_attributes": [],
          "identity_schema_version": 0,
          "identity": {
            "account_id": "",
            "http_method": "OPTIONS",
            "region": "us-east-1",
            "resource_id": "wlmf4d8jec",
            "rest_api_id": "gutqngt2m6"
          },
          "private": "bnVsbA==",
          "dependencies": [
            "aws_api_gateway_resource.service",
            "aws_api_gateway_resource.users_api_public",
            "aws_api_gateway_resource.users_login_public",
            "aws_api_gateway_resource.users_user_public",
            "aws_api_gateway_resource.users_v1_public",
            "data.aws_api_gateway_rest_api.main",
            "data.aws_region.current",
            "terraform_data.api_gateway_custom"
          ],
          "create_before_destroy": true
        }
      ]
    },
    {
      "mode": "managed",
      "type": "aws_api_gateway_method",
      "name": "users_login_public_post",
      "provider": "provider[\"registry.terraform.io/hashicorp/aws\"]",
      "instances": [
        {
          "index_key": 0,
          "schema_version": 0,
          "attributes": {
            "api_key_required": false,
            "authorization": "NONE",
            "authorization_scopes": null,
            "authorizer_id": null,
            "http_method": "POST",
            "id": "agm-gutqngt2m6-wlmf4d8jec-POST",
            "operation_name": null,
            "region": "us-east-1",
            "request_models": null,
            "request_parameters": null,
            "request_validator_id": null,
            "resource_id": "wlmf4d8jec",
            "rest_api_id": "gutqngt2m6"
          },
          "sensitive_attributes": [],
          "identity_schema_version": 0,
          "identity": {
            "account_id": "",
            "http_method": "POST",
            "region": "us-east-1",
            "resource_id": "wlmf4d8jec",
            "rest_api_id": "gutqngt2m6"
          },
          "private": "bnVsbA==",
          "dependencies": [
            "aws_api_gateway_resource.service",
            "aws_api_gateway_resource.users_api_public",
            "aws_api_gateway_resource.users_login_public",
            "aws_api_gateway_resource.users_user_public",
            "aws_api_gateway_resource.users_v1_public",
            "data.aws_api_gateway_rest_api.main",
            "data.aws_region.current",
            "terraform_data.api_gateway_custom"
          ],
          "create_before_destroy": true
        }
      ]
    },
    {
      "mode": "managed",
      "type": "aws_api_gateway_method",
      "name": "users_user_public_options",
      "provider": "provider[\"registry.terraform.io/hashicorp/aws\"]",
      "instances": [
        {
          "index_key": 0,
          "schema_version": 0,
          "attributes": {
            "api_key_required": false,
            "authorization": "NONE",
            "authorization_scopes": null,
            "authorizer_id": null,
            "http_method": "OPTIONS",
            "id": "agm-gutqngt2m6-phk6ikr40d-OPTIONS",
            "operation_name": null,
            "region": "us-east-1",
            "request_models": null,
            "request_parameters": null,
            "request_validator_id": null,
            "resource_id": "phk6ikr40d",
            "rest_api_id": "gutqngt2m6"
          },
          "sensitive_attributes": [],
          "identity_schema_version": 0,
          "identity": {
            "account_id": "",
            "http_method": "OPTIONS",
            "region": "us-east-1",
            "resource_id": "phk6ikr40d",
            "rest_api_id": "gutqngt2m6"
          },
          "private": "bnVsbA==",
          "dependencies": [
            "aws_api_gateway_resource.service",
            "aws_api_gateway_resource.users_api_public",
            "aws_api_gateway_resource.users_user_public",
            "aws_api_gateway_resource.users_v1_public",
            "data.aws_api_gateway_rest_api.main",
            "data.aws_region.current",
            "terraform_data.api_gateway_custom"
          ],
          "create_before_destroy": true
        }
      ]
    },
    {
      "mode": "managed",
      "type": "aws_api_gateway_method",
      "name": "users_user_public_post",
      "provider": "provider[\"registry.terraform.io/hashicorp/aws\"]",
      "instances": [
        {
          "index_key": 0,
          "schema_version": 0,
          "attributes": {
            "api_key_required": false,
            "authorization": "NONE",
            "authorization_scopes": null,
            "authorizer_id": null,
            "http_method": "POST",
            "id": "agm-gutqngt2m6-phk6ikr40d-POST",
            "operation_name": null,
            "region": "us-east-1",
            "request_models": null,
            "request_parameters": null,
            "request_validator_id": null,
            "resource_id": "phk6ikr40d",
            "rest_api_id": "gutqngt2m6"
          },
          "sensitive_attributes": [],
          "identity_schema_version": 0,
          "identity": {
            "account_id": "",
            "http_method": "POST",
            "region": "us-east-1",
            "resource_id": "phk6ikr40d",
            "rest_api_id": "gutqngt2m6"
          },
          "private": "bnVsbA==",
          "dependencies": [
            "aws_api_gateway_resource.service",
            "aws_api_gateway_resource.users_api_public",
            "aws_api_gateway_resource.users_user_public",
            "aws_api_gateway_resource.users_v1_public",
            "data.aws_api_gateway_rest_api.main",
            "data.aws_region.current",
            "terraform_data.api_gateway_custom"
          ],
          "create_before_destroy": true
        }
      ]
    },
    {
      "mode": "managed",
      "type": "aws_api_gateway_method_response",
      "name": "users_login_public_post_200",
      "provider": "provider[\"registry.terraform.io/hashicorp/aws\"]",
      "instances": [
        {
          "index_key": 0,
          "schema_version": 0,
          "attributes": {
            "http_method": "POST",
            "id": "agmr-gutqngt2m6-wlmf4d8jec-POST-200",
            "region": "us-east-1",
            "resource_id": "wlmf4d8jec",
            "response_models": null,
            "response_parameters": null,
            "rest_api_id": "gutqngt2m6",
            "status_code": "200"
          },
          "sensitive_attributes": [],
          "identity_schema_version": 0,
          "identity": {
            "account_id": "",
            "http_method": "POST",
            "region": "us-east-1",
            "resource_id": "wlmf4d8jec",
            "rest_api_id": "gutqngt2m6",
            "status_code": "200"
          },
          "private": "bnVsbA==",
          "dependencies": [
            "aws_api_gateway_method.users_login_public_post",
            "aws_api_gateway_resource.service",
            "aws_api_gateway_resource.users_api_public",
            "aws_api_gateway_resource.users_login_public",
            "aws_api_gateway_resource.users_user_public",
            "aws_api_gateway_resource.users_v1_public",
            "data.aws_api_gateway_rest_api.main",
            "data.aws_region.current",
            "terraform_data.api_gateway_custom"
          ],
          "create_before_destroy": true
        }
      ]
    },
    {
      "mode": "managed",
      "type": "aws_api_gateway_method_response",
      "name": "users_user_public_post_200",
      "provider": "provider[\"registry.terraform.io/hashicorp/aws\"]",
      "instances": [
        {
          "index_key": 0,
          "schema_version": 0,
          "attributes": {
            "http_method": "POST",
            "id": "agmr-gutqngt2m6-phk6ikr40d-POST-200",
            "region": "us-east-1",
            "resource_id": "phk6ikr40d",
            "response_models": null,
            "response_parameters": null,
            "rest_api_id": "gutqngt2m6",
            "status_code": "200"
          },
          "sensitive_attributes": [],
          "identity_schema_version": 0,
          "identity": {
            "account_id": "",
            "http_method": "POST",
            "region": "us-east-1",
            "resource_id": "phk6ikr40d",
            "rest_api_id": "gutqngt2m6",
            "status_code": "200"
          },
          "private": "bnVsbA==",
          "dependencies": [
            "aws_api_gateway_method.users_user_public_post",
            "aws_api_gateway_resource.service",
            "aws_api_gateway_resource.users_api_public",
            "aws_api_gateway_resource.users_user_public",
            "aws_api_gateway_resource.users_v1_public",
            "data.aws_api_gateway_rest_api.main",
            "data.aws_region.current",
            "terraform_data.api_gateway_custom"
          ],
          "create_before_destroy": true
        }
      ]
    },
    {
      "mode": "managed",
      "type": "aws_api_gateway_resource",
      "name": "api",
      "provider": "provider[\"registry.terraform.io/hashicorp/aws\"]",
      "instances": [
        {
          "schema_version": 0,
          "attributes": {
            "id": "fuhvhmbyc4",
            "parent_id": "qst8flpptx",
            "path": "/api",
            "path_part": "api",
            "region": "us-east-1",
            "rest_api_id": "gutqngt2m6"
          },
          "sensitive_attributes": [],
          "identity_schema_version": 0,
          "identity": {
            "account_id": "",
            "id": "fuhvhmbyc4",
            "region": "us-east-1",
            "rest_api_id": "gutqngt2m6"
          },
          "private": "bnVsbA==",
          "dependencies": [
            "data.aws_api_gateway_rest_api.main",
            "data.aws_region.current",
            "terraform_data.api_gateway_custom"
          ],
          "create_before_destroy": true
        }
      ]
    },
    {
      "mode": "managed",
      "type": "aws_api_gateway_resource",
      "name": "api_v1",
      "provider": "provider[\"registry.terraform.io/hashicorp/aws\"]",
      "instances": [
        {
          "schema_version": 0,
          "attributes": {
            "id": "rc1guqcqlv",
            "parent_id": "fuhvhmbyc4",
            "path": "/api/v1",
            "path_part": "v1",
            "region": "us-east-1",
            "rest_api_id": "gutqngt2m6"
          },
          "sensitive_attributes": [],
          "identity_schema_version": 0,
          "identity": {
            "account_id": "",
            "id": "rc1guqcqlv",
            "region": "us-east-1",
            "rest_api_id": "gutqngt2m6"
          },
          "private": "bnVsbA==",
          "dependencies": [
            "aws_api_gateway_resource.api",
            "data.aws_api_gateway_rest_api.main",
            "data.aws_region.current",
            "terraform_data.api_gateway_custom"
          ],
          "create_before_destroy": true
        }
      ]
    },
    {
      "mode": "managed",
      "type": "aws_api_gateway_resource",
      "name": "campaign_id",
      "provider": "provider[\"registry.terraform.io/hashicorp/aws\"]",
      "instances": [
        {
          "schema_version": 0,
          "attributes": {
            "id": "p4n6yijjsf",
            "parent_id": "vo9vy1besu",
            "path": "/api/v1/campanhas/{id}",
            "path_part": "{id}",
            "region": "us-east-1",
            "rest_api_id": "gutqngt2m6"
          },
          "sensitive_attributes": [],
          "identity_schema_version": 0,
          "identity": {
            "account_id": "",
            "id": "p4n6yijjsf",
            "region": "us-east-1",
            "rest_api_id": "gutqngt2m6"
          },
          "private": "bnVsbA==",
          "dependencies": [
            "aws_api_gateway_resource.api",
            "aws_api_gateway_resource.api_v1",
            "aws_api_gateway_resource.campaigns_public",
            "data.aws_api_gateway_rest_api.main",
            "data.aws_region.current",
            "terraform_data.api_gateway_custom"
          ],
          "create_before_destroy": true
        }
      ]
    },
    {
      "mode": "managed",
      "type": "aws_api_gateway_resource",
      "name": "campaigns_public",
      "provider": "provider[\"registry.terraform.io/hashicorp/aws\"]",
      "instances": [
        {
          "schema_version": 0,
          "attributes": {
            "id": "vo9vy1besu",
            "parent_id": "rc1guqcqlv",
            "path": "/api/v1/campanhas",
            "path_part": "campanhas",
            "region": "us-east-1",
            "rest_api_id": "gutqngt2m6"
          },
          "sensitive_attributes": [],
          "identity_schema_version": 0,
          "identity": {
            "account_id": "",
            "id": "vo9vy1besu",
            "region": "us-east-1",
            "rest_api_id": "gutqngt2m6"
          },
          "private": "bnVsbA==",
          "dependencies": [
            "aws_api_gateway_resource.api",
            "aws_api_gateway_resource.api_v1",
            "data.aws_api_gateway_rest_api.main",
            "data.aws_region.current",
            "terraform_data.api_gateway_custom"
          ],
          "create_before_destroy": true
        }
      ]
    },
    {
      "mode": "managed",
      "type": "aws_api_gateway_resource",
      "name": "health",
      "provider": "provider[\"registry.terraform.io/hashicorp/aws\"]",
      "instances": [
        {
          "schema_version": 0,
          "attributes": {
            "id": "iwsbwuo9ve",
            "parent_id": "qst8flpptx",
            "path": "/health",
            "path_part": "health",
            "region": "us-east-1",
            "rest_api_id": "gutqngt2m6"
          },
          "sensitive_attributes": [],
          "identity_schema_version": 0,
          "identity": {
            "account_id": "",
            "id": "iwsbwuo9ve",
            "region": "us-east-1",
            "rest_api_id": "gutqngt2m6"
          },
          "private": "bnVsbA==",
          "dependencies": [
            "data.aws_api_gateway_rest_api.main",
            "data.aws_region.current",
            "terraform_data.api_gateway_custom"
          ],
          "create_before_destroy": true
        }
      ]
    },
    {
      "mode": "managed",
      "type": "aws_api_gateway_resource",
      "name": "service",
      "provider": "provider[\"registry.terraform.io/hashicorp/aws\"]",
      "instances": [
        {
          "index_key": "users",
          "schema_version": 0,
          "attributes": {
            "id": "zg9gxegejs",
            "parent_id": "qst8flpptx",
            "path": "/users",
            "path_part": "users",
            "region": "us-east-1",
            "rest_api_id": "gutqngt2m6"
          },
          "sensitive_attributes": [],
          "identity_schema_version": 0,
          "identity": {
            "account_id": "",
            "id": "zg9gxegejs",
            "region": "us-east-1",
            "rest_api_id": "gutqngt2m6"
          },
          "private": "bnVsbA==",
          "dependencies": [
            "data.aws_api_gateway_rest_api.main",
            "data.aws_region.current",
            "terraform_data.api_gateway_custom"
          ],
          "create_before_destroy": true
        }
      ]
    },
    {
      "mode": "managed",
      "type": "aws_api_gateway_resource",
      "name": "users_api_public",
      "provider": "provider[\"registry.terraform.io/hashicorp/aws\"]",
      "instances": [
        {
          "index_key": 0,
          "schema_version": 0,
          "attributes": {
            "id": "rdhauodnph",
            "parent_id": "zg9gxegejs",
            "path": "/users/api",
            "path_part": "api",
            "region": "us-east-1",
            "rest_api_id": "gutqngt2m6"
          },
          "sensitive_attributes": [],
          "identity_schema_version": 0,
          "identity": {
            "account_id": "",
            "id": "rdhauodnph",
            "region": "us-east-1",
            "rest_api_id": "gutqngt2m6"
          },
          "private": "bnVsbA==",
          "dependencies": [
            "aws_api_gateway_resource.service",
            "data.aws_api_gateway_rest_api.main",
            "data.aws_region.current",
            "terraform_data.api_gateway_custom"
          ],
          "create_before_destroy": true
        }
      ]
    },
    {
      "mode": "managed",
      "type": "aws_api_gateway_resource",
      "name": "users_login_public",
      "provider": "provider[\"registry.terraform.io/hashicorp/aws\"]",
      "instances": [
        {
          "index_key": 0,
          "schema_version": 0,
          "attributes": {
            "id": "wlmf4d8jec",
            "parent_id": "phk6ikr40d",
            "path": "/users/api/v1/User/Login",
            "path_part": "Login",
            "region": "us-east-1",
            "rest_api_id": "gutqngt2m6"
          },
          "sensitive_attributes": [],
          "identity_schema_version": 0,
          "identity": {
            "account_id": "",
            "id": "wlmf4d8jec",
            "region": "us-east-1",
            "rest_api_id": "gutqngt2m6"
          },
          "private": "bnVsbA==",
          "dependencies": [
            "aws_api_gateway_resource.service",
            "aws_api_gateway_resource.users_api_public",
            "aws_api_gateway_resource.users_user_public",
            "aws_api_gateway_resource.users_v1_public",
            "data.aws_api_gateway_rest_api.main",
            "data.aws_region.current",
            "terraform_data.api_gateway_custom"
          ],
          "create_before_destroy": true
        }
      ]
    },
    {
      "mode": "managed",
      "type": "aws_api_gateway_resource",
      "name": "users_user_public",
      "provider": "provider[\"registry.terraform.io/hashicorp/aws\"]",
      "instances": [
        {
          "index_key": 0,
          "schema_version": 0,
          "attributes": {
            "id": "phk6ikr40d",
            "parent_id": "qf6ncbeg6g",
            "path": "/users/api/v1/User",
            "path_part": "User",
            "region": "us-east-1",
            "rest_api_id": "gutqngt2m6"
          },
          "sensitive_attributes": [],
          "identity_schema_version": 0,
          "identity": {
            "account_id": "",
            "id": "phk6ikr40d",
            "region": "us-east-1",
            "rest_api_id": "gutqngt2m6"
          },
          "private": "bnVsbA==",
          "dependencies": [
            "aws_api_gateway_resource.service",
            "aws_api_gateway_resource.users_api_public",
            "aws_api_gateway_resource.users_v1_public",
            "data.aws_api_gateway_rest_api.main",
            "data.aws_region.current",
            "terraform_data.api_gateway_custom"
          ],
          "create_before_destroy": true
        }
      ]
    },
    {
      "mode": "managed",
      "type": "aws_api_gateway_resource",
      "name": "users_v1_public",
      "provider": "provider[\"registry.terraform.io/hashicorp/aws\"]",
      "instances": [
        {
          "index_key": 0,
          "schema_version": 0,
          "attributes": {
            "id": "qf6ncbeg6g",
            "parent_id": "rdhauodnph",
            "path": "/users/api/v1",
            "path_part": "v1",
            "region": "us-east-1",
            "rest_api_id": "gutqngt2m6"
          },
          "sensitive_attributes": [],
          "identity_schema_version": 0,
          "identity": {
            "account_id": "",
            "id": "qf6ncbeg6g",
            "region": "us-east-1",
            "rest_api_id": "gutqngt2m6"
          },
          "private": "bnVsbA==",
          "dependencies": [
            "aws_api_gateway_resource.service",
            "aws_api_gateway_resource.users_api_public",
            "data.aws_api_gateway_rest_api.main",
            "data.aws_region.current",
            "terraform_data.api_gateway_custom"
          ],
          "create_before_destroy": true
        }
      ]
    },
    {
      "mode": "managed",
      "type": "aws_api_gateway_stage",
      "name": "stage",
      "provider": "provider[\"registry.terraform.io/hashicorp/aws\"]",
      "instances": [
        {
          "schema_version": 0,
          "attributes": {
            "access_log_settings": [],
            "arn": "arn:aws:apigateway:us-east-1::/restapis/gutqngt2m6/stages/dev",
            "cache_cluster_enabled": false,
            "cache_cluster_size": "",
            "canary_settings": [],
            "client_certificate_id": "",
            "deployment_id": "db83le01or",
            "description": "",
            "documentation_version": "",
            "execution_arn": "arn:aws:execute-api:us-east-1::gutqngt2m6/dev",
            "id": "ags-gutqngt2m6-dev",
            "invoke_url": "https://gutqngt2m6.execute-api.us-east-1.amazonaws.com/dev",
            "region": "us-east-1",
            "rest_api_id": "gutqngt2m6",
            "stage_name": "dev",
            "tags": null,
            "tags_all": {},
            "variables": null,
            "web_acl_arn": "",
            "xray_tracing_enabled": false
          },
          "sensitive_attributes": [],
          "identity_schema_version": 0,
          "private": "bnVsbA==",
          "dependencies": [
            "aws_api_gateway_authorizer.lambda_authorizer",
            "aws_api_gateway_deployment.deploy",
            "aws_api_gateway_integration.campaign_id_get",
            "aws_api_gateway_integration.campaign_id_put",
            "aws_api_gateway_integration.campaigns_post",
            "aws_api_gateway_integration.campaigns_public_get",
            "aws_api_gateway_integration.health_get",
            "aws_api_gateway_integration.users_login_public_options",
            "aws_api_gateway_integration.users_login_public_post",
            "aws_api_gateway_integration.users_user_public_options",
            "aws_api_gateway_integration.users_user_public_post",
            "aws_api_gateway_integration_response.users_login_public_post_200",
            "aws_api_gateway_integration_response.users_user_public_post_200",
            "aws_api_gateway_method.campaign_id_get",
            "aws_api_gateway_method.campaign_id_put",
            "aws_api_gateway_method.campaigns_post",
            "aws_api_gateway_method.campaigns_public_get",
            "aws_api_gateway_method.health_get",
            "aws_api_gateway_method.users_login_public_options",
            "aws_api_gateway_method.users_login_public_post",
            "aws_api_gateway_method.users_user_public_options",
            "aws_api_gateway_method.users_user_public_post",
            "aws_api_gateway_method_response.users_login_public_post_200",
            "aws_api_gateway_method_response.users_user_public_post_200",
            "aws_api_gateway_resource.api",
            "aws_api_gateway_resource.api_v1",
            "aws_api_gateway_resource.campaign_id",
            "aws_api_gateway_resource.campaigns_public",
            "aws_api_gateway_resource.health",
            "aws_api_gateway_resource.service",
            "aws_api_gateway_resource.users_api_public",
            "aws_api_gateway_resource.users_login_public",
            "aws_api_gateway_resource.users_user_public",
            "aws_api_gateway_resource.users_v1_public",
            "aws_iam_role.lambda_role",
            "aws_lambda_function.authorizer",
            "aws_lambda_permission.api_gateway",
            "data.aws_api_gateway_rest_api.main",
            "data.aws_region.current",
            "terraform_data.api_gateway_custom"
          ]
        }
      ]
    },
    {
      "mode": "managed",
      "type": "aws_iam_role",
      "name": "lambda_notification_role",
      "provider": "provider[\"registry.terraform.io/hashicorp/aws\"]",
      "instances": [
        {
          "schema_version": 0,
          "attributes": {
            "arn": "arn:aws:iam::000000000000:role/NotificationLambdaRole",
            "assume_role_policy": "{\"Statement\":[{\"Action\":\"sts:AssumeRole\",\"Effect\":\"Allow\",\"Principal\":{\"Service\":\"lambda.amazonaws.com\"}}],\"Version\":\"2012-10-17\"}",
            "create_date": "2026-09-24T22:08:09Z",
            "description": "",
            "force_detach_policies": false,
            "id": "NotificationLambdaRole",
            "inline_policy": [],
            "managed_policy_arns": [],
            "max_session_duration": 3600,
            "name": "NotificationLambdaRole",
            "name_prefix": "",
            "path": "/",
            "permissions_boundary": "",
            "tags": {
              "Environment": "dev",
              "ManagedBy": "Terraform",
              "Project": "FiapCloudGames",
              "Service": "Notifications"
            },
            "tags_all": {
              "Environment": "dev",
              "ManagedBy": "Terraform",
              "Project": "FiapCloudGames",
              "Service": "Notifications"
            },
            "unique_id": "AROAQAAAAAAAOGJHMG26X"
          },
          "sensitive_attributes": [],
          "identity_schema_version": 0,
          "identity": {
            "account_id": "",
            "name": "NotificationLambdaRole"
          },
          "private": "bnVsbA=="
        }
      ]
    },
    {
      "mode": "managed",
      "type": "aws_iam_role",
      "name": "lambda_role",
      "provider": "provider[\"registry.terraform.io/hashicorp/aws\"]",
      "instances": [
        {
          "schema_version": 0,
          "attributes": {
            "arn": "arn:aws:iam::000000000000:role/lambda-authorizer-role",
            "assume_role_policy": "{\"Statement\":[{\"Action\":\"sts:AssumeRole\",\"Effect\":\"Allow\",\"Principal\":{\"Service\":\"lambda.amazonaws.com\"}}],\"Version\":\"2012-10-17\"}",
            "create_date": "2026-09-24T22:08:09Z",
            "description": "",
            "force_detach_policies": false,
            "id": "lambda-authorizer-role",
            "inline_policy": [],
            "managed_policy_arns": [],
            "max_session_duration": 3600,
            "name": "lambda-authorizer-role",
            "name_prefix": "",
            "path": "/",
            "permissions_boundary": "",
            "tags": null,
            "tags_all": {},
            "unique_id": "AROAQAAAAAAAI45TUFIF5"
          },
          "sensitive_attributes": [],
          "identity_schema_version": 0,
          "identity": {
            "account_id": "",
            "name": "lambda-authorizer-role"
          },
          "private": "bnVsbA==",
          "create_before_destroy": true
        }
      ]
    },
    {
      "mode": "managed",
      "type": "aws_iam_role_policy",
      "name": "lambda_policy",
      "provider": "provider[\"registry.terraform.io/hashicorp/aws\"]",
      "instances": [
        {
          "schema_version": 0,
          "attributes": {
            "id": "NotificationLambdaRole:NotificationLambdaRole-policy",
            "name": "NotificationLambdaRole-policy",
            "name_prefix": "",
            "policy": "{\"Version\":\"2012-10-17\",\"Statement\":[{\"Action\":[\"ses:SendEmail\",\"ses:SendRawEmail\",\"ses:GetAccountSendingEnabled\",\"ses:ListVerifiedEmailAddresses\",\"ses:ListIdentities\"],\"Effect\":\"Allow\",\"Resource\":\"*\"},{\"Action\":[\"sqs:ReceiveMessage\",\"sqs:DeleteMessage\",\"sqs:GetQueueAttributes\"],\"Effect\":\"Allow\",\"Resource\":\"arn:aws:sqs:us-east-1:000000000000:notification-queue\"},{\"Action\":[\"logs:CreateLogGroup\",\"logs:CreateLogStream\",\"logs:PutLogEvents\"],\"Effect\":\"Allow\",\"Resource\":\"arn:aws:logs:us-east-1:000000000000:*\"}]}",
            "role": "NotificationLambdaRole"
          },
          "sensitive_attributes": [],
          "identity_schema_version": 0,
          "identity": {
            "account_id": "",
            "name": "NotificationLambdaRole-policy",
            "role": "NotificationLambdaRole"
          },
          "private": "bnVsbA==",
          "dependencies": [
            "aws_iam_role.lambda_notification_role",
            "aws_sqs_queue.notification_queue"
          ]
        }
      ]
    },
    {
      "mode": "managed",
      "type": "aws_lambda_event_source_mapping",
      "name": "sqs_trigger",
      "provider": "provider[\"registry.terraform.io/hashicorp/aws\"]",
      "instances": [
        {
          "schema_version": 0,
          "attributes": {
            "amazon_managed_kafka_event_source_config": [],
            "arn": "arn:aws:lambda:us-east-1:000000000000:event-source-mapping:1badfbfd-c02d-4029-b397-2f62caec58c5",
            "batch_size": 1,
            "bisect_batch_on_function_error": false,
            "destination_config": [],
            "document_db_event_source_config": [],
            "enabled": true,
            "event_source_arn": "arn:aws:sqs:us-east-1:000000000000:notification-queue",
            "filter_criteria": [],
            "function_arn": "arn:aws:lambda:us-east-1:000000000000:function:email-function",
            "function_name": "arn:aws:lambda:us-east-1:000000000000:function:email-function",
            "function_response_types": null,
            "id": "1badfbfd-c02d-4029-b397-2f62caec58c5",
            "kms_key_arn": "",
            "last_modified": "2026-09-24T22:08:57Z",
            "last_processing_result": "",
            "maximum_batching_window_in_seconds": 0,
            "maximum_record_age_in_seconds": 0,
            "maximum_retry_attempts": 0,
            "metrics_config": [],
            "parallelization_factor": 0,
            "provisioned_poller_config": [],
            "queues": null,
            "region": "us-east-1",
            "scaling_config": [],
            "self_managed_event_source": [],
            "self_managed_kafka_event_source_config": [],
            "source_access_configuration": [],
            "starting_position": "",
            "starting_position_timestamp": "",
            "state": "Enabled",
            "state_transition_reason": "USER_INITIATED",
            "tags": null,
            "tags_all": {},
            "timeouts": null,
            "topics": null,
            "tumbling_window_in_seconds": 0,
            "use_resource_timeout_for_propagation": null,
            "uuid": "1badfbfd-c02d-4029-b397-2f62caec58c5"
          },
          "sensitive_attributes": [],
          "identity_schema_version": 0,
          "identity": {
            "account_id": "",
            "region": "us-east-1",
            "uuid": "1badfbfd-c02d-4029-b397-2f62caec58c5"
          },
          "private": "eyJlMmJmYjczMC1lY2FhLTExZTYtOGY4OC0zNDM2M2JjN2M0YzAiOnsiY3JlYXRlIjo2MDAwMDAwMDAwMDAsImRlbGV0ZSI6MzAwMDAwMDAwMDAwLCJ1cGRhdGUiOjYwMDAwMDAwMDAwMH19",
          "dependencies": [
            "aws_iam_role.lambda_notification_role",
            "aws_iam_role.lambda_role",
            "aws_iam_role_policy.lambda_policy",
            "aws_lambda_function.email_function",
            "aws_sqs_queue.notification_queue"
          ]
        }
      ]
    },
    {
      "mode": "managed",
      "type": "aws_lambda_function",
      "name": "authorizer",
      "provider": "provider[\"registry.terraform.io/hashicorp/aws\"]",
      "instances": [
        {
          "schema_version": 0,
          "attributes": {
            "architectures": [
              "x86_64"
            ],
            "arn": "arn:aws:lambda:us-east-1:000000000000:function:fiap-api-authorizer",
            "capacity_provider_config": [],
            "code_sha256": "KEJRvy5ZJcpKYfB9egA5vGTddQj17iLpACB+EcxMWsY=",
            "code_signing_config_arn": "",
            "dead_letter_config": [],
            "description": "",
            "durable_config": [],
            "environment": [
              {
                "variables": {
                  "ALLOW_DEV_STAGE_BYPASS": "false"
                }
              }
            ],
            "ephemeral_storage": [
              {
                "size": 512
              }
            ],
            "file_system_config": [],
            "filename": "./lambda-auth/function.zip",
            "function_name": "fiap-api-authorizer",
            "handler": "FiapEsperancaSolidaria.Lambda.Authorizer::FiapEsperancaSolidaria.Lambda.Authorizer.AuthorizerFunction::FunctionHandler",
            "id": "fiap-api-authorizer",
            "image_config": [],
            "image_uri": "",
            "invoke_arn": "arn:aws:apigateway:us-east-1:lambda:path/2015-03-31/functions/arn:aws:lambda:us-east-1:000000000000:function:fiap-api-authorizer/invocations",
            "kms_key_arn": "",
            "last_modified": "2026-09-24T22:08:11.063770+0000",
            "layers": null,
            "logging_config": [
              {
                "application_log_level": "",
                "log_format": "Text",
                "log_group": "/aws/lambda/fiap-api-authorizer",
                "system_log_level": ""
              }
            ],
            "memory_size": 1024,
            "package_type": "Zip",
            "publish": false,
            "publish_to": null,
            "qualified_arn": "arn:aws:lambda:us-east-1:000000000000:function:fiap-api-authorizer:$LATEST",
            "qualified_invoke_arn": "arn:aws:apigateway:us-east-1:lambda:path/2015-03-31/functions/arn:aws:lambda:us-east-1:000000000000:function:fiap-api-authorizer:$LATEST/invocations",
            "region": "us-east-1",
            "replace_security_groups_on_destroy": null,
            "replacement_security_group_ids": null,
            "reserved_concurrent_executions": -1,
            "response_streaming_invoke_arn": "arn:aws:apigateway:us-east-1:lambda:path/2021-11-15/functions/arn:aws:lambda:us-east-1:000000000000:function:fiap-api-authorizer/response-streaming-invocations",
            "role": "arn:aws:iam::000000000000:role/lambda-authorizer-role",
            "runtime": "dotnet10",
            "s3_bucket": null,
            "s3_key": null,
            "s3_object_version": null,
            "signing_job_arn": "",
            "signing_profile_version_arn": "",
            "skip_destroy": false,
            "snap_start": [],
            "source_code_hash": "KEJRvy5ZJcpKYfB9egA5vGTddQj17iLpACB+EcxMWsY=",
            "source_code_size": 435853,
            "source_kms_key_arn": "",
            "tags": null,
            "tags_all": {},
            "tenancy_config": [],
            "timeout": 60,
            "timeouts": null,
            "tracing_config": [
              {
                "mode": "PassThrough"
              }
            ],
            "use_resource_timeout_for_propagation": null,
            "version": "$LATEST",
            "vpc_config": []
          },
          "sensitive_attributes": [],
          "identity_schema_version": 0,
          "identity": {
            "account_id": "",
            "function_name": "fiap-api-authorizer",
            "region": "us-east-1"
          },
          "private": "eyJlMmJmYjczMC1lY2FhLTExZTYtOGY4OC0zNDM2M2JjN2M0YzAiOnsiY3JlYXRlIjo2MDAwMDAwMDAwMDAsImRlbGV0ZSI6NjAwMDAwMDAwMDAwLCJ1cGRhdGUiOjYwMDAwMDAwMDAwMH19",
          "dependencies": [
            "aws_iam_role.lambda_role"
          ],
          "create_before_destroy": true
        }
      ]
    },
    {
      "mode": "managed",
      "type": "aws_lambda_function",
      "name": "email_function",
      "provider": "provider[\"registry.terraform.io/hashicorp/aws\"]",
      "instances": [
        {
          "schema_version": 0,
          "attributes": {
            "architectures": [
              "x86_64"
            ],
            "arn": "arn:aws:lambda:us-east-1:000000000000:function:email-function",
            "capacity_provider_config": [],
            "code_sha256": "oCGo6fInxLS4XHgGG+wvGxEHXfIv2Keo+XynyTtqK6c=",
            "code_signing_config_arn": "",
            "dead_letter_config": [],
            "description": "",
            "durable_config": [],
            "environment": [
              {
                "variables": {
                  "AWS_REGION": "us-east-1"
                }
              }
            ],
            "ephemeral_storage": [
              {
                "size": 512
              }
            ],
            "file_system_config": [],
            "filename": "./lambda-notification/function.zip",
            "function_name": "email-function",
            "handler": "FiapEsperancaSolidaria.Notifications.Lambda::FiapEsperancaSolidaria.Notifications.Lambda.EmailFunction::FunctionHandler",
            "id": "email-function",
            "image_config": [],
            "image_uri": "",
            "invoke_arn": "arn:aws:apigateway:us-east-1:lambda:path/2015-03-31/functions/arn:aws:lambda:us-east-1:000000000000:function:email-function/invocations",
            "kms_key_arn": "",
            "last_modified": "2026-09-24T22:08:39.169733+0000",
            "layers": null,
            "logging_config": [
              {
                "application_log_level": "",
                "log_format": "Text",
                "log_group": "/aws/lambda/email-function",
                "system_log_level": ""
              }
            ],
            "memory_size": 512,
            "package_type": "Zip",
            "publish": false,
            "publish_to": null,
            "qualified_arn": "arn:aws:lambda:us-east-1:000000000000:function:email-function:$LATEST",
            "qualified_invoke_arn": "arn:aws:apigateway:us-east-1:lambda:path/2015-03-31/functions/arn:aws:lambda:us-east-1:000000000000:function:email-function:$LATEST/invocations",
            "region": "us-east-1",
            "replace_security_groups_on_destroy": null,
            "replacement_security_group_ids": null,
            "reserved_concurrent_executions": -1,
            "response_streaming_invoke_arn": "arn:aws:apigateway:us-east-1:lambda:path/2021-11-15/functions/arn:aws:lambda:us-east-1:000000000000:function:email-function/response-streaming-invocations",
            "role": "arn:aws:iam::000000000000:role/lambda-authorizer-role",
            "runtime": "dotnet8",
            "s3_bucket": null,
            "s3_key": null,
            "s3_object_version": null,
            "signing_job_arn": "",
            "signing_profile_version_arn": "",
            "skip_destroy": false,
            "snap_start": [],
            "source_code_hash": "oCGo6fInxLS4XHgGG+wvGxEHXfIv2Keo+XynyTtqK6c=",
            "source_code_size": 1316511,
            "source_kms_key_arn": "",
            "tags": {
              "Environment": "dev",
              "ManagedBy": "Terraform",
              "Project": "FiapCloudGames",
              "Service": "Notifications"
            },
            "tags_all": {
              "Environment": "dev",
              "ManagedBy": "Terraform",
              "Project": "FiapCloudGames",
              "Service": "Notifications"
            },
            "tenancy_config": [],
            "timeout": 30,
            "timeouts": null,
            "tracing_config": [
              {
                "mode": "PassThrough"
              }
            ],
            "use_resource_timeout_for_propagation": null,
            "version": "$LATEST",
            "vpc_config": []
          },
          "sensitive_attributes": [],
          "identity_schema_version": 0,
          "identity": {
            "account_id": "",
            "function_name": "email-function",
            "region": "us-east-1"
          },
          "private": "eyJlMmJmYjczMC1lY2FhLTExZTYtOGY4OC0zNDM2M2JjN2M0YzAiOnsiY3JlYXRlIjo2MDAwMDAwMDAwMDAsImRlbGV0ZSI6NjAwMDAwMDAwMDAwLCJ1cGRhdGUiOjYwMDAwMDAwMDAwMH19",
          "dependencies": [
            "aws_iam_role.lambda_notification_role",
            "aws_iam_role.lambda_role",
            "aws_iam_role_policy.lambda_policy",
            "aws_sqs_queue.notification_queue"
          ]
        }
      ]
    },
    {
      "mode": "managed",
      "type": "aws_lambda_permission",
      "name": "api_gateway",
      "provider": "provider[\"registry.terraform.io/hashicorp/aws\"]",
      "instances": [
        {
          "schema_version": 0,
          "attributes": {
            "action": "lambda:InvokeFunction",
            "event_source_token": null,
            "function_name": "fiap-api-authorizer",
            "function_url_auth_type": null,
            "id": "AllowExecutionFromApiGateway",
            "invoked_via_function_url": null,
            "principal": "apigateway.amazonaws.com",
            "principal_org_id": null,
            "qualifier": "",
            "region": "us-east-1",
            "source_account": null,
            "source_arn": "arn:aws:execute-api:us-east-1::gutqngt2m6/*/*/*",
            "statement_id": "AllowExecutionFromApiGateway",
            "statement_id_prefix": "",
            "timeouts": null
          },
          "sensitive_attributes": [],
          "identity_schema_version": 0,
          "identity": {
            "account_id": "",
            "function_name": "fiap-api-authorizer",
            "qualifier": null,
            "region": "us-east-1",
            "statement_id": "AllowExecutionFromApiGateway"
          },
          "private": "eyJlMmJmYjczMC1lY2FhLTExZTYtOGY4OC0zNDM2M2JjN2M0YzAiOnsiY3JlYXRlIjozMDAwMDAwMDAwMDAsImRlbGV0ZSI6MzAwMDAwMDAwMDAwLCJyZWFkIjozMDAwMDAwMDAwMDB9fQ==",
          "dependencies": [
            "aws_iam_role.lambda_role",
            "aws_lambda_function.authorizer",
            "data.aws_api_gateway_rest_api.main",
            "data.aws_region.current",
            "terraform_data.api_gateway_custom"
          ],
          "create_before_destroy": true
        }
      ]
    },
    {
      "mode": "managed",
      "type": "aws_ses_email_identity",
      "name": "notification_email",
      "provider": "provider[\"registry.terraform.io/hashicorp/aws\"]",
      "instances": [
        {
          "schema_version": 0,
          "attributes": {
            "arn": "arn:aws:ses:us-east-1::identity/no-reply@fiapcloudgames.local",
            "email": "no-reply@fiapcloudgames.local",
            "id": "no-reply@fiapcloudgames.local",
            "region": "us-east-1"
          },
          "sensitive_attributes": [],
          "identity_schema_version": 0,
          "private": "bnVsbA=="
        }
      ]
    },
    {
      "mode": "managed",
      "type": "aws_sqs_queue",
      "name": "notification_queue",
      "provider": "provider[\"registry.terraform.io/hashicorp/aws\"]",
      "instances": [
        {
          "schema_version": 0,
          "attributes": {
            "arn": "arn:aws:sqs:us-east-1:000000000000:notification-queue",
            "content_based_deduplication": false,
            "deduplication_scope": "",
            "delay_seconds": 0,
            "fifo_queue": false,
            "fifo_throughput_limit": "",
            "id": "http://sqs.us-east-1.localhost.localstack.cloud:4566/000000000000/notification-queue",
            "kms_data_key_reuse_period_seconds": 300,
            "kms_master_key_id": "",
            "max_message_size": 262144,
            "message_retention_seconds": 345600,
            "name": "notification-queue",
            "name_prefix": "",
            "policy": "",
            "receive_wait_time_seconds": 0,
            "redrive_allow_policy": "",
            "redrive_policy": "",
            "region": "us-east-1",
            "sqs_managed_sse_enabled": true,
            "tags": {
              "Environment": "dev",
              "ManagedBy": "Terraform",
              "Project": "FiapCloudGames",
              "Service": "Notifications"
            },
            "tags_all": {
              "Environment": "dev",
              "ManagedBy": "Terraform",
              "Project": "FiapCloudGames",
              "Service": "Notifications"
            },
            "timeouts": null,
            "url": "http://sqs.us-east-1.localhost.localstack.cloud:4566/000000000000/notification-queue",
            "visibility_timeout_seconds": 30
          },
          "sensitive_attributes": [],
          "identity_schema_version": 1,
          "identity": {
            "url": "http://sqs.us-east-1.localhost.localstack.cloud:4566/000000000000/notification-queue"
          },
          "private": "eyJlMmJmYjczMC1lY2FhLTExZTYtOGY4OC0zNDM2M2JjN2M0YzAiOnsiY3JlYXRlIjoxODAwMDAwMDAwMDAsImRlbGV0ZSI6MTgwMDAwMDAwMDAwLCJ1cGRhdGUiOjE4MDAwMDAwMDAwMH19"
        }
      ]
    },
    {
      "mode": "managed",
      "type": "aws_sqs_queue",
      "name": "process_donation_queue",
      "provider": "provider[\"registry.terraform.io/hashicorp/aws\"]",
      "instances": [
        {
          "schema_version": 0,
          "attributes": {
            "arn": "arn:aws:sqs:us-east-1:000000000000:process-donation-payment",
            "content_based_deduplication": false,
            "deduplication_scope": "",
            "delay_seconds": 0,
            "fifo_queue": false,
            "fifo_throughput_limit": "",
            "id": "http://sqs.us-east-1.localhost.localstack.cloud:4566/000000000000/process-donation-payment",
            "kms_data_key_reuse_period_seconds": 300,
            "kms_master_key_id": "",
            "max_message_size": 262144,
            "message_retention_seconds": 345600,
            "name": "process-donation-payment",
            "name_prefix": "",
            "policy": "",
            "receive_wait_time_seconds": 0,
            "redrive_allow_policy": "",
            "redrive_policy": "",
            "region": "us-east-1",
            "sqs_managed_sse_enabled": true,
            "tags": {
              "Environment": "dev",
              "ManagedBy": "Terraform",
              "Project": "FiapCloudGames",
              "Service": "Notifications"
            },
            "tags_all": {
              "Environment": "dev",
              "ManagedBy": "Terraform",
              "Project": "FiapCloudGames",
              "Service": "Notifications"
            },
            "timeouts": null,
            "url": "http://sqs.us-east-1.localhost.localstack.cloud:4566/000000000000/process-donation-payment",
            "visibility_timeout_seconds": 30
          },
          "sensitive_attributes": [],
          "identity_schema_version": 1,
          "identity": {
            "url": "http://sqs.us-east-1.localhost.localstack.cloud:4566/000000000000/process-donation-payment"
          },
          "private": "eyJlMmJmYjczMC1lY2FhLTExZTYtOGY4OC0zNDM2M2JjN2M0YzAiOnsiY3JlYXRlIjoxODAwMDAwMDAwMDAsImRlbGV0ZSI6MTgwMDAwMDAwMDAwLCJ1cGRhdGUiOjE4MDAwMDAwMDAwMH19"
        }
      ]
    },
    {
      "mode": "managed",
      "type": "terraform_data",
      "name": "api_gateway_custom",
      "provider": "provider[\"terraform.io/builtin/terraform\"]",
      "instances": [
        {
          "schema_version": 0,
          "attributes": {
            "id": "06f0a01b-0121-463a-30b7-d55d405f37d6",
            "input": {
              "value": "local-api-gateway-v1",
              "type": "string"
            },
            "output": {
              "value": "local-api-gateway-v1",
              "type": "string"
            },
            "triggers_replace": null
          },
          "sensitive_attributes": [],
          "identity_schema_version": 0,
          "dependencies": [
            "data.aws_region.current"
          ],
          "create_before_destroy": true
        }
      ]
    }
  ],
  "check_results": null
}
